
Microsoft Visual Studio Solution File, Format Version 12.00
# Visual Studio 15
VisualStudioVersion = 15.0.26403.3
MinimumVisualStudioVersion = 15.0.26124.0
Project("{9A19103F-16F7-4668-BE54-9A1E7A4F7556}") = "Unions", "Unions\Unions.csproj", "{10637BE0-5D24-4C9B-BA18-8AAEBC8682DA}"
EndProject
Project("{9A19103F-16F7-4668-BE54-9A1E7A4F7556}") = "Unions.Tests", "Unions.Tests\Unions.Tests.csproj", "{90219ACB-7C68-4C60-AABA-CE876F3247C7}"
EndProject
Global
	GlobalSection(SolutionConfigurationPlatforms) = preSolution
		Debug|Any CPU = Debug|Any CPU
		Debug|x64 = Debug|x64
		Debug|x86 = Debug|x86
		Release|Any CPU = Release|Any CPU
		Release|x64 = Release|x64
		Release|x86 = Release|x86
	EndGlobalSection
	GlobalSection(ProjectConfigurationPlatforms) = postSolution
		{10637BE0-5D24-4C9B-BA18-8AAEBC8682DA}.Debug|Any CPU.ActiveCfg = Debug|Any CPU
		{10637BE0-5D24-4C9B-BA18-8AAEBC8682DA}.Debug|Any CPU.Build.0 = Debug|Any CPU
		{10637BE0-5D24-4C9B-BA18-8AAEBC8682DA}.Debug|x64.ActiveCfg = Debug|Any CPU
		{10637BE0-5D24-4C9B-BA18-8AAEBC8682DA}.Debug|x64.Build.0 = Debug|Any CPU
		{10637BE0-5D24-4C9B-BA18-8AAEBC8682DA}.Debug|x86.ActiveCfg = Debug|Any CPU
		{10637BE0-5D24-4C9B-BA18-8AAEBC8682DA}.Debug|x86.Build.0 = Debug|Any CPU
		{10637BE0-5D24-4C9B-BA18-8AAEBC8682DA}.Release|Any CPU.ActiveCfg = Release|Any CPU
		{10637BE0-5D24-4C9B-BA18-8AAEBC8682DA}.Release|Any CPU.Build.0 = Release|Any CPU
		{10637BE0-5D24-4C9B-BA18-8AAEBC8682DA}.Release|x64.ActiveCfg = Release|Any CPU
		{10637BE0-5D24-4C9B-BA18-8AAEBC8682DA}.Release|x64.Build.0 = Release|Any CPU
		{10637BE0-5D24-4C9B-BA18-8AAEBC8682DA}.Release|x86.ActiveCfg = Release|Any CPU
		{10637BE0-5D24-4C9B-BA18-8AAEBC8682DA}.Release|x86.Build.0 = Release|Any CPU
		{90219ACB-7C68-4C60-AABA-CE876F3247C7}.Debug|Any CPU.ActiveCfg = Debug|Any CPU
		{90219ACB-7C68-4C60-AABA-CE876F3247C7}.Debug|Any CPU.Build.0 = Debug|Any CPU
		{90219ACB-7C68-4C60-AABA-CE876F3247C7}.Debug|x64.ActiveCfg = Debug|Any CPU
		{90219ACB-7C68-4C60-AABA-CE876F3247C7}.Debug|x64.Build.0 = Debug|Any CPU
		{90219ACB-7C68-4C60-AABA-CE876F3247C7}.Debug|x86.ActiveCfg = Debug|Any CPU
		{90219ACB-7C68-4C60-AABA-CE876F3247C7}.Debug|x86.Build.0 = Debug|Any CPU
		{90219ACB-7C68-4C60-AABA-CE876F3247C7}.Release|Any CPU.ActiveCfg = Release|Any CPU
		{90219ACB-7C68-4C60-AABA-CE876F3247C7}.Release|Any CPU.Build.0 = Release|Any CPU
		{90219ACB-7C68-4C60-AABA-CE876F3247C7}.Release|x64.ActiveCfg = Release|Any CPU
		{90219ACB-7C68-4C60-AABA-CE876F3247C7}.Release|x64.Build.0 = Release|Any CPU
		{90219ACB-7C68-4C60-AABA-CE876F3247C7}.Release|x86.ActiveCfg = Release|Any CPU
		{90219ACB-7C68-4C60-AABA-CE876F3247C7}.Release|x86.Build.0 = Release|Any CPU
	EndGlobalSection
	GlobalSection(SolutionProperties) = preSolution
		HideSolutionNode = FALSE
	EndGlobalSection
EndGlobal
